
Microsoft Visual Studio Solution File, Format Version 12.00
# Visual Studio 2013
VisualStudioVersion = 12.0.31101.0
MinimumVisualStudioVersion = 10.0.40219.1
Project("{FAE04EC0-301F-11D3-BF4B-00C04F79EFBC}") = "OrmTestNorthwind", "OrmTestNorthwind\OrmTestNorthwind.csproj", "{9416E605-296F-400D-8E33-6B4DB90A78D4}"
EndProject
Project("{FAE04EC0-301F-11D3-BF4B-00C04F79EFBC}") = "EfDbContextDesigner", "EfDbContextDesigner\EfDbContextDesigner.csproj", "{F316F231-D224-436E-A596-E41226E5A243}"
EndProject
Global
	GlobalSection(SolutionConfigurationPlatforms) = preSolution
		Debug|Any CPU = Debug|Any CPU
		Release|Any CPU = Release|Any CPU
	EndGlobalSection
	GlobalSection(ProjectConfigurationPlatforms) = postSolution
		{9416E605-296F-400D-8E33-6B4DB90A78D4}.Debug|Any CPU.ActiveCfg = Debug|Any CPU
		{9416E605-296F-400D-8E33-6B4DB90A78D4}.Debug|Any CPU.Build.0 = Debug|Any CPU
		{9416E605-296F-400D-8E33-6B4DB90A78D4}.Release|Any CPU.ActiveCfg = Release|Any CPU
		{9416E605-296F-400D-8E33-6B4DB90A78D4}.Release|Any CPU.Build.0 = Release|Any CPU
		{F316F231-D224-436E-A596-E41226E5A243}.Debug|Any CPU.ActiveCfg = Debug|Any CPU
		{F316F231-D224-436E-A596-E41226E5A243}.Debug|Any CPU.Build.0 = Debug|Any CPU
		{F316F231-D224-436E-A596-E41226E5A243}.Release|Any CPU.ActiveCfg = Release|Any CPU
		{F316F231-D224-436E-A596-E41226E5A243}.Release|Any CPU.Build.0 = Release|Any CPU
	EndGlobalSection
	GlobalSection(SolutionProperties) = preSolution
		HideSolutionNode = FALSE
	EndGlobalSection
EndGlobal
